<Solution>
  <Configurations>
    <BuildType Name="Canary" />
    <BuildType Name="Debug" />
    <BuildType Name="Installer" />
    <BuildType Name="Nightly" />
    <BuildType Name="Release" />
  </Configurations>
  <Folder Name="/Solution Items/">
    <File Path="../../Documents/Help/Changelog.md" />
    <File Path=".editorconfig" />
    <File Path="README.md" />
  </Folder>
  <Project Path="../../../Standard-Toolkit/Source/Krypton Components/Krypton.Navigator/Krypton.Navigator 2022.csproj" />
  <Project Path="../../../Standard-Toolkit/Source/Krypton Components/Krypton.Toolkit/Krypton.Toolkit 2022.csproj" />
  <Project Path="../../../Standard-Toolkit/Source/Krypton Components/Krypton.Workspace/Krypton.Workspace 2022.csproj" />
  <Project Path="ButtonSpec Playground/ButtonSpec Playground 2022.csproj">
    <BuildType Solution="Canary|*" Project="Release" />
    <BuildType Solution="Installer|*" Project="Release" />
    <BuildType Solution="Nightly|*" Project="Release" />
  </Project>
  <Project Path="Child Control Stack/Child Control Stack 2022.csproj">
    <BuildType Solution="Canary|*" Project="Release" />
    <BuildType Solution="Installer|*" Project="Release" />
    <BuildType Solution="Nightly|*" Project="Release" />
  </Project>
  <Project Path="Custom Control using Palettes/Custom Control using Palettes 2022.csproj">
    <BuildType Solution="Canary|*" Project="Release" />
    <BuildType Solution="Installer|*" Project="Release" />
    <BuildType Solution="Nightly|*" Project="Release" />
  </Project>
  <Project Path="Custom Control using Renderers/Custom Control using Renderers 2022.csproj">
    <BuildType Solution="Canary|*" Project="Release" />
    <BuildType Solution="Installer|*" Project="Release" />
    <BuildType Solution="Nightly|*" Project="Release" />
  </Project>
  <Project Path="Expanding HeaderGroups (DockStyle)/Expanding HeaderGroups (DockStyle) 2022.csproj">
    <BuildType Solution="Canary|*" Project="Release" />
    <BuildType Solution="Installer|*" Project="Release" />
    <BuildType Solution="Nightly|*" Project="Release" />
  </Project>
  <Project Path="Expanding HeaderGroups (Splitters)/Expanding HeaderGroups (Splitters) 2022.csproj">
    <BuildType Solution="Canary|*" Project="Release" />
    <BuildType Solution="Installer|*" Project="Release" />
    <BuildType Solution="Nightly|*" Project="Release" />
  </Project>
  <Project Path="Expanding HeaderGroups (Stack)/Expanding HeaderGroups (Stack) 2022.csproj">
    <BuildType Solution="Canary|*" Project="Release" />
    <BuildType Solution="Installer|*" Project="Release" />
    <BuildType Solution="Nightly|*" Project="Release" />
  </Project>
  <Project Path="Input Form/Input Form 2022.csproj">
    <BuildType Solution="Canary|*" Project="Release" />
    <BuildType Solution="Installer|*" Project="Release" />
    <BuildType Solution="Nightly|*" Project="Release" />
  </Project>
  <Project Path="IntegratedToolbarExample/IntegratedToolbarExample 2022.csproj">
    <BuildType Solution="Canary|*" Project="Release" />
    <BuildType Solution="Installer|*" Project="Release" />
    <BuildType Solution="Nightly|*" Project="Release" />
  </Project>
  <Project Path="Krypton Scrollbars/Krypton Scrollbars 2022.csproj">
    <BuildType Solution="Canary|*" Project="Release" />
    <BuildType Solution="Installer|*" Project="Release" />
    <BuildType Solution="Nightly|*" Project="Release" />
  </Project>
  <Project Path="Krypton Theme Playground/Krypton Theme Playground 2022.csproj">
    <BuildType Solution="Canary|*" Project="Release" />
    <BuildType Solution="Installer|*" Project="Release" />
    <BuildType Solution="Nightly|*" Project="Release" />
  </Project>
  <Project Path="Krypton Theme Selector/Krypton Theme Selector 2022.csproj">
    <BuildType Solution="Canary|*" Project="Release" />
    <BuildType Solution="Installer|*" Project="Release" />
    <BuildType Solution="Nightly|*" Project="Release" />
  </Project>
  <Project Path="Krypton UAC Button/Krypton UAC Button 2022.csproj">
    <BuildType Solution="Canary|*" Project="Release" />
    <BuildType Solution="Installer|*" Project="Release" />
    <BuildType Solution="Nightly|*" Project="Release" />
  </Project>
  <Project Path="KryptonAboutBox Example/KryptonAboutBox Example 2022.csproj">
    <BuildType Solution="Canary|*" Project="Release" />
    <BuildType Solution="Installer|*" Project="Release" />
    <BuildType Solution="Nightly|*" Project="Release" />
  </Project>
  <Project Path="KryptonAboutToolkit Example/KryptonAboutToolkit Example 2022.csproj">
    <BuildType Solution="Canary|*" Project="Release" />
    <BuildType Solution="Installer|*" Project="Release" />
    <BuildType Solution="Nightly|*" Project="Release" />
  </Project>
  <Project Path="KryptonBindingNavigator Example/KryptonBindingNavigator Example.csproj" Id="b9e6fc03-b5ec-4847-a089-f433074baf06">
    <BuildType Solution="Canary|*" Project="Release" />
    <BuildType Solution="Installer|*" Project="Debug" />
    <BuildType Solution="Nightly|*" Project="Release" />
  </Project>
  <Project Path="KryptonBorderEdge Examples/KryptonBorderEdge Examples 2022.csproj">
    <BuildType Solution="Canary|*" Project="Release" />
    <BuildType Solution="Installer|*" Project="Release" />
    <BuildType Solution="Nightly|*" Project="Release" />
  </Project>
  <Project Path="KryptonBreadCrumb Examples/KryptonBreadCrumb Examples 2022.csproj">
    <BuildType Solution="Canary|*" Project="Release" />
    <BuildType Solution="Installer|*" Project="Release" />
    <BuildType Solution="Nightly|*" Project="Release" />
  </Project>
  <Project Path="KryptonButton Examples/KryptonButton Examples 2022.csproj">
    <BuildType Solution="Canary|*" Project="Release" />
    <BuildType Solution="Installer|*" Project="Release" />
    <BuildType Solution="Nightly|*" Project="Release" />
  </Project>
  <Project Path="KryptonButtonBadge Examples/KryptonButtonBadge Examples.csproj">
    <BuildType Solution="Canary|*" Project="Release" />
    <BuildType Solution="Installer|*" Project="Debug" />
    <BuildType Solution="Nightly|*" Project="Release" />
  </Project>
  <Project Path="KryptonCheckBox Examples/KryptonCheckBox Examples 2022.csproj">
    <BuildType Solution="Canary|*" Project="Release" />
    <BuildType Solution="Installer|*" Project="Release" />
    <BuildType Solution="Nightly|*" Project="Release" />
  </Project>
  <Project Path="KryptonCheckButton Examples/KryptonCheckButton Examples 2022.csproj">
    <BuildType Solution="Canary|*" Project="Release" />
    <BuildType Solution="Installer|*" Project="Release" />
    <BuildType Solution="Nightly|*" Project="Release" />
  </Project>
  <Project Path="KryptonCheckedListBox Examples/KryptonCheckedListBox Examples 2022.csproj">
    <BuildType Solution="Canary|*" Project="Release" />
    <BuildType Solution="Installer|*" Project="Release" />
    <BuildType Solution="Nightly|*" Project="Release" />
  </Project>
  <Project Path="KryptonCheckSet Examples/KryptonCheckSet Examples 2022.csproj">
    <BuildType Solution="Canary|*" Project="Release" />
    <BuildType Solution="Installer|*" Project="Release" />
    <BuildType Solution="Nightly|*" Project="Release" />
  </Project>
  <Project Path="KryptonColorButton Examples/KryptonColorButton Examples 2022.csproj">
    <BuildType Solution="Canary|*" Project="Release" />
    <BuildType Solution="Installer|*" Project="Release" />
    <BuildType Solution="Nightly|*" Project="Release" />
  </Project>
  <Project Path="KryptonColorDialog Example/KryptonColorDialog Example 2022.csproj">
    <BuildType Solution="Canary|*" Project="Release" />
    <BuildType Solution="Installer|*" Project="Release" />
    <BuildType Solution="Nightly|*" Project="Release" />
  </Project>
  <Project Path="KryptonComboBox Examples/KryptonComboBox Examples 2022.csproj">
    <BuildType Solution="Canary|*" Project="Release" />
    <BuildType Solution="Installer|*" Project="Release" />
    <BuildType Solution="Nightly|*" Project="Release" />
  </Project>
  <Project Path="KryptonCommand Examples/KryptonCommand Examples 2022.csproj">
    <BuildType Solution="Canary|*" Project="Release" />
    <BuildType Solution="Installer|*" Project="Release" />
    <BuildType Solution="Nightly|*" Project="Release" />
  </Project>
  <Project Path="KryptonCommandLinkButton Examples/KryptonCommandLinkButton Examples 2022.csproj">
    <BuildType Solution="Canary|*" Project="Release" />
    <BuildType Solution="Installer|*" Project="Release" />
    <BuildType Solution="Nightly|*" Project="Release" />
  </Project>
  <Project Path="KryptonContextMenu Examples/KryptonContextMenu Examples 2022.csproj">
    <BuildType Solution="Canary|*" Project="Release" />
    <BuildType Solution="Installer|*" Project="Release" />
    <BuildType Solution="Nightly|*" Project="Release" />
  </Project>
  <Project Path="KryptonDataGridView Examples/KryptonDataGridView Examples 2022.csproj">
    <BuildType Solution="Canary|*" Project="Release" />
    <BuildType Solution="Installer|*" Project="Release" />
    <BuildType Solution="Nightly|*" Project="Release" />
  </Project>
  <Project Path="KryptonDateTimePicker Examples/KryptonDateTimePicker Examples 2022.csproj">
    <BuildType Solution="Canary|*" Project="Release" />
    <BuildType Solution="Installer|*" Project="Release" />
    <BuildType Solution="Nightly|*" Project="Release" />
  </Project>
  <Project Path="KryptonDomainUpDown Examples/KryptonDomainUpDown Examples 2022.csproj">
    <BuildType Solution="Canary|*" Project="Release" />
    <BuildType Solution="Installer|*" Project="Release" />
    <BuildType Solution="Nightly|*" Project="Release" />
  </Project>
  <Project Path="KryptonDropButton Examples/KryptonDropButton Examples 2022.csproj">
    <BuildType Solution="Canary|*" Project="Release" />
    <BuildType Solution="Installer|*" Project="Release" />
    <BuildType Solution="Nightly|*" Project="Release" />
  </Project>
  <Project Path="KryptonFileSystemWatcher Example/KryptonFileSystemWatcher Example.csproj" Id="fcdaab14-2da9-424c-8fff-7acc680e02f6">
    <BuildType Solution="Canary|*" Project="Release" />
    <BuildType Solution="Installer|*" Project="Debug" />
    <BuildType Solution="Nightly|*" Project="Release" />
  </Project>
  <Project Path="KryptonFlowLayoutPanel Example/KryptonFlowLayoutPanel Example.csproj" Id="7b65b5a7-f8ad-40f1-a886-945034d08567">
    <BuildType Solution="Canary|*" Project="Release" />
    <BuildType Solution="Installer|*" Project="Debug" />
    <BuildType Solution="Nightly|*" Project="Release" />
  </Project>
  <Project Path="KryptonFolderBrowserDialog Example/KryptonFolderBrowserDialog Example 2022.csproj">
    <BuildType Solution="Canary|*" Project="Release" />
    <BuildType Solution="Installer|*" Project="Release" />
    <BuildType Solution="Nightly|*" Project="Release" />
  </Project>
  <Project Path="KryptonFontDialog Example/KryptonFontDialog Example 2022.csproj">
    <BuildType Solution="Canary|*" Project="Release" />
    <BuildType Solution="Installer|*" Project="Release" />
    <BuildType Solution="Nightly|*" Project="Release" />
  </Project>
  <Project Path="KryptonForm Examples/KryptonForm Examples 2022.csproj">
    <BuildType Solution="Canary|*" Project="Release" />
    <BuildType Solution="Installer|*" Project="Release" />
    <BuildType Solution="Nightly|*" Project="Release" />
  </Project>
  <Project Path="KryptonGroup Examples/KryptonGroup Examples 2022.csproj">
    <BuildType Solution="Canary|*" Project="Release" />
    <BuildType Solution="Installer|*" Project="Release" />
    <BuildType Solution="Nightly|*" Project="Release" />
  </Project>
  <Project Path="KryptonGroupBox Examples/KryptonGroupBox Examples 2022.csproj">
    <BuildType Solution="Canary|*" Project="Release" />
    <BuildType Solution="Installer|*" Project="Release" />
    <BuildType Solution="Nightly|*" Project="Release" />
  </Project>
  <Project Path="KryptonHeader Examples/KryptonHeader Examples 2022.csproj">
    <BuildType Solution="Canary|*" Project="Release" />
    <BuildType Solution="Installer|*" Project="Release" />
    <BuildType Solution="Nightly|*" Project="Release" />
  </Project>
  <Project Path="KryptonHeaderGroup Examples/KryptonHeaderGroup Examples 2022.csproj">
    <BuildType Solution="Canary|*" Project="Release" />
    <BuildType Solution="Installer|*" Project="Release" />
    <BuildType Solution="Nightly|*" Project="Release" />
  </Project>
  <Project Path="KryptonHelpIcon Examples/KryptonHelpIcon Examples 2022.csproj">
    <BuildType Solution="Canary|*" Project="Release" />
    <BuildType Solution="Installer|*" Project="Release" />
    <BuildType Solution="Nightly|*" Project="Release" />
  </Project>
  <Project Path="KryptonHelpProvider Example/KryptonHelpProvider Example.csproj" Id="70199b87-a579-4bfa-a7da-64d654ae8697">
    <BuildType Solution="Canary|*" Project="Release" />
    <BuildType Solution="Installer|*" Project="Debug" />
    <BuildType Solution="Nightly|*" Project="Release" />
  </Project>
  <Project Path="KryptonInputBox Examples/KryptonInputBox Examples 2022.csproj">
    <BuildType Solution="Canary|*" Project="Release" />
    <BuildType Solution="Installer|*" Project="Release" />
    <BuildType Solution="Nightly|*" Project="Release" />
  </Project>
  <Project Path="KryptonJumpList Example/KryptonJumpList Example.csproj" Id="b32d0b7d-ee14-487d-913a-5eccbae53cef">
    <BuildType Solution="Canary|*" Project="Release" />
    <BuildType Solution="Installer|*" Project="Debug" />
    <BuildType Solution="Nightly|*" Project="Release" />
  </Project>
  <Project Path="KryptonLabel Examples/KryptonLabel Examples 2022.csproj">
    <BuildType Solution="Canary|*" Project="Release" />
    <BuildType Solution="Installer|*" Project="Release" />
    <BuildType Solution="Nightly|*" Project="Release" />
  </Project>
  <Project Path="KryptonLinkLabel Examples/KryptonLinkLabel Examples 2022.csproj">
    <BuildType Solution="Canary|*" Project="Release" />
    <BuildType Solution="Installer|*" Project="Release" />
    <BuildType Solution="Nightly|*" Project="Release" />
  </Project>
  <Project Path="KryptonListBox Examples/KryptonListBox Examples 2022.csproj">
    <BuildType Solution="Canary|*" Project="Release" />
    <BuildType Solution="Installer|*" Project="Release" />
    <BuildType Solution="Nightly|*" Project="Release" />
  </Project>
  <Project Path="KryptonListView Examples/KryptonListView Examples 2022.csproj">
    <BuildType Solution="Canary|*" Project="Release" />
    <BuildType Solution="Installer|*" Project="Release" />
    <BuildType Solution="Nightly|*" Project="Release" />
  </Project>
  <Project Path="KryptonMaskedTextBox Examples/KryptonMaskedTextBox Examples 2022.csproj">
    <BuildType Solution="Canary|*" Project="Release" />
    <BuildType Solution="Installer|*" Project="Release" />
    <BuildType Solution="Nightly|*" Project="Release" />
  </Project>
  <Project Path="KryptonMenuAndToolStrip Examples/KryptonMenuAndToolStrip Examples.csproj">
    <BuildType Solution="Canary|*" Project="Release" />
    <BuildType Solution="Installer|*" Project="Debug" />
    <BuildType Solution="Nightly|*" Project="Release" />
  </Project>
  <Project Path="KryptonMenuBar Examples/KryptonMenuBar Examples.csproj">
    <BuildType Solution="Canary|*" Project="Release" />
    <BuildType Solution="Installer|*" Project="Debug" />
    <BuildType Solution="Nightly|*" Project="Release" />
  </Project>
  <Project Path="KryptonMessageBox Examples/KryptonMessageBox Examples 2022.csproj">
    <BuildType Solution="Canary|*" Project="Release" />
    <BuildType Solution="Installer|*" Project="Release" />
    <BuildType Solution="Nightly|*" Project="Release" />
  </Project>
  <Project Path="KryptonMonthCalendar Examples/KryptonMonthCalendar Examples 2022.csproj">
    <BuildType Solution="Canary|*" Project="Release" />
    <BuildType Solution="Installer|*" Project="Release" />
    <BuildType Solution="Nightly|*" Project="Release" />
  </Project>
  <Project Path="KryptonNotifyIcon Example/KryptonNotifyIcon Example.csproj" Id="e9189882-362a-4c4d-8a5c-b50b61985155">
    <BuildType Solution="Canary|*" Project="Release" />
    <BuildType Solution="Installer|*" Project="Debug" />
    <BuildType Solution="Nightly|*" Project="Release" />
  </Project>
  <Project Path="KryptonNumericUpDown Examples/KryptonNumericUpDown Examples 2022.csproj">
    <BuildType Solution="Canary|*" Project="Release" />
    <BuildType Solution="Installer|*" Project="Release" />
    <BuildType Solution="Nightly|*" Project="Release" />
  </Project>
  <Project Path="KryptonOpenFileDialog Example/KryptonOpenFileDialog Example 2022.csproj">
    <BuildType Solution="Canary|*" Project="Release" />
    <BuildType Solution="Installer|*" Project="Release" />
    <BuildType Solution="Nightly|*" Project="Release" />
  </Project>
  <Project Path="KryptonPalette Author/KryptonPalette Author 2022.csproj">
    <BuildType Solution="Canary|*" Project="Release" />
    <BuildType Solution="Installer|*" Project="Release" />
    <BuildType Solution="Nightly|*" Project="Release" />
  </Project>
  <Project Path="KryptonPalette Examples/KryptonPalette Examples 2022.csproj">
    <BuildType Solution="Canary|*" Project="Release" />
    <BuildType Solution="Installer|*" Project="Release" />
    <BuildType Solution="Nightly|*" Project="Release" />
  </Project>
  <Project Path="KryptonPanel Examples/KryptonPanel Examples 2022.csproj">
    <BuildType Solution="Canary|*" Project="Release" />
    <BuildType Solution="Installer|*" Project="Release" />
    <BuildType Solution="Nightly|*" Project="Release" />
  </Project>
  <Project Path="KryptonPrintDialog Example/KryptonPrintDialog Example 2022.csproj">
    <BuildType Solution="Canary|*" Project="Release" />
    <BuildType Solution="Installer|*" Project="Release" />
    <BuildType Solution="Nightly|*" Project="Release" />
  </Project>
  <Project Path="KryptonPrintPreviewDialog Example/KryptonPrintPreviewDialog Example.csproj" Id="c3667981-e7e7-4e2f-8079-4f60960d2c9c">
    <BuildType Solution="Canary|*" Project="Release" />
    <BuildType Solution="Installer|*" Project="Debug" />
    <BuildType Solution="Nightly|*" Project="Release" />
  </Project>
  <Project Path="KryptonProgressbar Examples/KryptonProgressbar Examples 2022.csproj">
    <BuildType Solution="Canary|*" Project="Release" />
    <BuildType Solution="Installer|*" Project="Release" />
    <BuildType Solution="Nightly|*" Project="Release" />
  </Project>
  <Project Path="KryptonPropertyGridExample/KryptonPropertyGridExample 2022.csproj">
    <BuildType Solution="Canary|*" Project="Release" />
    <BuildType Solution="Installer|*" Project="Release" />
    <BuildType Solution="Nightly|*" Project="Release" />
  </Project>
  <Project Path="KryptonRadioButton Examples/KryptonRadioButton Examples 2022.csproj">
    <BuildType Solution="Canary|*" Project="Release" />
    <BuildType Solution="Installer|*" Project="Release" />
    <BuildType Solution="Nightly|*" Project="Release" />
  </Project>
  <Project Path="KryptonRichTextBox Examples/KryptonRichTextBox Examples 2022.csproj">
    <BuildType Solution="Canary|*" Project="Release" />
    <BuildType Solution="Installer|*" Project="Release" />
    <BuildType Solution="Nightly|*" Project="Release" />
  </Project>
  <Project Path="KryptonSaveFileDialog Example/KryptonSaveFileDialog Example 2022.csproj">
    <BuildType Solution="Canary|*" Project="Release" />
    <BuildType Solution="Installer|*" Project="Release" />
    <BuildType Solution="Nightly|*" Project="Release" />
  </Project>
  <Project Path="KryptonScrollbar Examples/KryptonScrollbar Examples 2022.csproj">
    <BuildType Solution="Canary|*" Project="Release" />
    <BuildType Solution="Installer|*" Project="Release" />
    <BuildType Solution="Nightly|*" Project="Release" />
  </Project>
  <Project Path="../Krypton Utilities Examples/KryptonSearchBox Example/KryptonSearchBox Example.csproj">
    <BuildType Solution="Canary|*" Project="Release" />
    <BuildType Solution="Installer|*" Project="Debug" />
    <BuildType Solution="Nightly|*" Project="Release" />
  </Project>
  <Project Path="KryptonSeparator Examples/KryptonSeparator Examples 2022.csproj">
    <BuildType Solution="Canary|*" Project="Release" />
    <BuildType Solution="Installer|*" Project="Release" />
    <BuildType Solution="Nightly|*" Project="Release" />
  </Project>
  <Project Path="KryptonSplitContainer Examples/KryptonSplitContainer Examples 2022.csproj">
    <BuildType Solution="Canary|*" Project="Release" />
    <BuildType Solution="Installer|*" Project="Release" />
    <BuildType Solution="Nightly|*" Project="Release" />
  </Project>
  <Project Path="KryptonStringCollectionEditor Examples 2022/KryptonStringCollectionEditor Examples 2022.csproj">
    <BuildType Solution="Canary|*" Project="Release" />
    <BuildType Solution="Installer|*" Project="Release" />
    <BuildType Solution="Nightly|*" Project="Release" />
  </Project>
  <Project Path="KryptonTableLayoutPanel Examples/KryptonTableLayoutPanel Examples 2022.csproj">
    <BuildType Solution="Canary|*" Project="Release" />
    <BuildType Solution="Installer|*" Project="Release" />
    <BuildType Solution="Nightly|*" Project="Release" />
  </Project>
  <Project Path="KryptonTaskbarOverlayIcon Example/KryptonTaskbarOverlayIcon Example.csproj" Id="b6f8021e-7033-4e93-ae31-f3d66bce3b3d">
    <BuildType Solution="Canary|*" Project="Release" />
    <BuildType Solution="Installer|*" Project="Debug" />
    <BuildType Solution="Nightly|*" Project="Release" />
  </Project>
  <Project Path="KryptonTaskbarProgressBar Example/KryptonTaskbarProgressBar Example.csproj" Id="13817a1f-722b-483c-8931-238e360232ac">
    <BuildType Solution="Canary|*" Project="Release" />
    <BuildType Solution="Installer|*" Project="Debug" />
    <BuildType Solution="Nightly|*" Project="Release" />
  </Project>
  <Project Path="KryptonTaskbarThumbnailButtons Example/KryptonTaskbarThumbnailButtons Example.csproj" Id="ae5a75bb-d2ef-47aa-8a57-6dd44f9fff87">
    <BuildType Solution="Canary|*" Project="Release" />
    <BuildType Solution="Installer|*" Project="Debug" />
    <BuildType Solution="Nightly|*" Project="Release" />
  </Project>
  <Project Path="KryptonTaskDialog Examples/KryptonTaskDialog Examples 2022.csproj">
    <BuildType Solution="Canary|*" Project="Release" />
    <BuildType Solution="Installer|*" Project="Release" />
    <BuildType Solution="Nightly|*" Project="Release" />
    <BuildType Solution="Release|*" Project="Debug" />
  </Project>
  <Project Path="KryptonTextBox Examples/KryptonTextBox Examples 2022.csproj">
    <BuildType Solution="Canary|*" Project="Release" />
    <BuildType Solution="Installer|*" Project="Release" />
    <BuildType Solution="Nightly|*" Project="Release" />
  </Project>
  <Project Path="KryptonToastNotification Examples/KryptonToastNotification Examples 2022.csproj">
    <BuildType Solution="Canary|*" Project="Release" />
    <BuildType Solution="Installer|*" Project="Release" />
    <BuildType Solution="Nightly|*" Project="Release" />
  </Project>
  <Project Path="KryptonToggleSwitch Examples/KryptonToggleSwitch Examples 2022.csproj">
    <BuildType Solution="Canary|*" Project="Release" />
    <BuildType Solution="Installer|*" Project="Debug" />
    <BuildType Solution="Nightly|*" Project="Release" />
  </Project>
  <Project Path="KryptonToolStripMenuItem Examples/KryptonToolStripMenuItem Examples 2022.csproj">
    <BuildType Solution="Canary|*" Project="Release" />
    <BuildType Solution="Installer|*" Project="Debug" />
    <BuildType Solution="Nightly|*" Project="Release" />
  </Project>
  <Project Path="KryptonTouchScreen Example/KryptonTouchScreen Example.csproj" Id="a038d30c-6c9d-46ef-aaca-1326573ab170">
    <BuildType Solution="Canary|*" Project="Release" />
    <BuildType Solution="Installer|*" Project="Debug" />
    <BuildType Solution="Nightly|*" Project="Release" />
  </Project>
  <Project Path="KryptonTrackBar Examples/KryptonTrackBar Examples 2022.csproj">
    <BuildType Solution="Canary|*" Project="Release" />
    <BuildType Solution="Installer|*" Project="Release" />
    <BuildType Solution="Nightly|*" Project="Release" />
  </Project>
  <Project Path="KryptonTreeView Examples/KryptonTreeView Examples 2022.csproj">
    <BuildType Solution="Canary|*" Project="Release" />
    <BuildType Solution="Installer|*" Project="Release" />
    <BuildType Solution="Nightly|*" Project="Release" />
  </Project>
  <Project Path="KryptonWebBrowser Example/KryptonWebBrowser Example 2022.csproj">
    <BuildType Solution="Canary|*" Project="Release" />
    <BuildType Solution="Installer|*" Project="Release" />
    <BuildType Solution="Nightly|*" Project="Release" />
  </Project>
  <Project Path="KryptonWrapLabel Examples/KryptonWrapLabel Examples 2022.csproj">
    <BuildType Solution="Canary|*" Project="Release" />
    <BuildType Solution="Installer|*" Project="Release" />
    <BuildType Solution="Nightly|*" Project="Release" />
  </Project>
  <Project Path="MDI Application/MDI Application 2022.csproj">
    <BuildType Solution="Canary|*" Project="Release" />
    <BuildType Solution="Installer|*" Project="Release" />
    <BuildType Solution="Nightly|*" Project="Release" />
  </Project>
  <Project Path="SystemThemedForms/SystemThemedForms 2022.csproj">
    <BuildType Solution="Canary|*" Project="Release" />
    <BuildType Solution="Installer|*" Project="Release" />
    <BuildType Solution="Nightly|*" Project="Release" />
  </Project>
  <Project Path="Test Clip Base/Test Clip Base 2022.csproj">
    <BuildType Solution="Canary|*" Project="Release" />
    <BuildType Solution="Installer|*" Project="Release" />
    <BuildType Solution="Nightly|*" Project="Release" />
  </Project>
  <Project Path="Test Combo Domain Numeric/Test Combo Domain Numeric 2022.csproj">
    <BuildType Solution="Canary|*" Project="Release" />
    <BuildType Solution="Installer|*" Project="Release" />
    <BuildType Solution="Nightly|*" Project="Release" />
  </Project>
  <Project Path="Test MessageBox Clipping/Test MessageBox Clipping 2022.csproj">
    <BuildType Solution="Canary|*" Project="Release" />
    <BuildType Solution="Installer|*" Project="Release" />
    <BuildType Solution="Nightly|*" Project="Release" />
  </Project>
  <Project Path="Test Text Clipping/Test Text Clipping 2022.csproj">
    <BuildType Solution="Canary|*" Project="Release" />
    <BuildType Solution="Installer|*" Project="Release" />
    <BuildType Solution="Nightly|*" Project="Release" />
  </Project>
  <Project Path="Three Pane Application (Basic)/Three Pane Application (Basic) 2022.csproj">
    <BuildType Solution="Canary|*" Project="Release" />
    <BuildType Solution="Installer|*" Project="Release" />
    <BuildType Solution="Nightly|*" Project="Release" />
  </Project>
  <Project Path="Three Pane Application (Extended)/Three Pane Application (Extended) 2022.csproj">
    <BuildType Solution="Canary|*" Project="Release" />
    <BuildType Solution="Installer|*" Project="Release" />
    <BuildType Solution="Nightly|*" Project="Release" />
  </Project>
</Solution>
