<Solution>
  <Folder Name="/Solution Items/">
    <File Path=".editorconfig" />
    <File Path="README.md" />
  </Folder>
  <Project Path="ButtonSpec Playground/ButtonSpec Playground 2022.csproj" />
  <Project Path="Child Control Stack/Child Control Stack 2022.csproj" />
  <Project Path="Custom Control using Palettes/Custom Control using Palettes 2022.csproj" />
  <Project Path="Custom Control using Renderers/Custom Control using Renderers 2022.csproj" />
  <Project Path="Expanding HeaderGroups (DockStyle)/Expanding HeaderGroups (DockStyle) 2022.csproj" />
  <Project Path="Expanding HeaderGroups (Splitters)/Expanding HeaderGroups (Splitters) 2022.csproj" />
  <Project Path="Expanding HeaderGroups (Stack)/Expanding HeaderGroups (Stack) 2022.csproj" />
  <Project Path="Input Form/Input Form 2022.csproj" />
  <Project Path="Krypton Scrollbars/Krypton Scrollbars 2022.csproj" />
  <Project Path="Krypton Theme Playground/Krypton Theme Playground 2022.csproj" />
  <Project Path="Krypton Theme Selector/Krypton Theme Selector 2022.csproj" />
  <Project Path="Krypton UAC Button/Krypton UAC Button 2022.csproj" />
  <Project Path="KryptonBorderEdge Examples/KryptonBorderEdge Examples 2022.csproj" />
  <Project Path="KryptonBreadCrumb Examples/KryptonBreadCrumb Examples 2022.csproj" />
  <Project Path="KryptonButton Examples/KryptonButton Examples 2022.csproj" />
  <Project Path="KryptonCheckBox Examples/KryptonCheckBox Examples 2022.csproj" />
  <Project Path="KryptonCheckButton Examples/KryptonCheckButton Examples 2022.csproj" />
  <Project Path="KryptonCheckedListBox Examples/KryptonCheckedListBox Examples 2022.csproj" />
  <Project Path="KryptonCheckSet Examples/KryptonCheckSet Examples 2022.csproj" />
  <Project Path="KryptonColorButton Examples/KryptonColorButton Examples 2022.csproj" />
  <Project Path="KryptonColorDialog Example/KryptonColorDialog Example 2022.csproj" />
  <Project Path="KryptonComboBox Examples/KryptonComboBox Examples 2022.csproj" />
  <Project Path="KryptonCommand Examples/KryptonCommand Examples 2022.csproj" />
  <Project Path="KryptonContextMenu Examples/KryptonContextMenu Examples 2022.csproj" />
  <Project Path="KryptonDataGridView Examples/KryptonDataGridView Examples 2022.csproj" />
  <Project Path="KryptonDateTimePicker Examples/KryptonDateTimePicker Examples 2022.csproj" />
  <Project Path="KryptonDomainUpDown Examples/KryptonDomainUpDown Examples 2022.csproj" />
  <Project Path="KryptonDropButton Examples/KryptonDropButton Examples 2022.csproj" />
  <Project Path="KryptonFontDialog Example/KryptonFontDialog Example 2022.csproj" />
  <Project Path="KryptonForm Examples/KryptonForm Examples 2022.csproj" />
  <Project Path="KryptonGroup Examples/KryptonGroup Examples 2022.csproj" />
  <Project Path="KryptonGroupBox Examples/KryptonGroupBox Examples 2022.csproj" />
  <Project Path="KryptonHeader Examples/KryptonHeader Examples 2022.csproj" />
  <Project Path="KryptonHeaderGroup Examples/KryptonHeaderGroup Examples 2022.csproj" />
  <Project Path="KryptonHelpIcon Examples/KryptonHelpIcon Examples 2022.csproj" />
  <Project Path="KryptonInputBox Examples/KryptonInputBox Examples 2022.csproj" />
  <Project Path="KryptonLabel Examples/KryptonLabel Examples 2022.csproj" />
  <Project Path="KryptonLinkLabel Examples/KryptonLinkLabel Examples 2022.csproj" />
  <Project Path="KryptonListBox Examples/KryptonListBox Examples 2022.csproj" />
  <Project Path="KryptonListView Examples/KryptonListView Examples 2022.csproj" />
  <Project Path="KryptonMaskedTextBox Examples/KryptonMaskedTextBox Examples 2022.csproj" />
  <Project Path="KryptonMenuAndToolStrip Examples/KryptonMenuAndToolStrip Examples.csproj" />
  <Project Path="KryptonMenuBar Examples/KryptonMenuBar Examples.csproj" />
  <Project Path="KryptonMessageBox Examples/KryptonMessageBox Examples 2022.csproj" />
  <Project Path="KryptonMonthCalendar Examples/KryptonMonthCalendar Examples 2022.csproj" />
  <Project Path="KryptonNumericUpDown Examples/KryptonNumericUpDown Examples 2022.csproj" />
  <Project Path="KryptonPalette Examples/KryptonPalette Examples 2022.csproj" />
  <Project Path="KryptonPanel Examples/KryptonPanel Examples 2022.csproj" />
  <Project Path="KryptonPrintDialog Example/KryptonPrintDialog Example 2022.csproj" />
  <Project Path="KryptonRadioButton Examples/KryptonRadioButton Examples 2022.csproj" />
  <Project Path="KryptonRichTextBox Examples/KryptonRichTextBox Examples 2022.csproj" />
  <Project Path="KryptonScrollbar Examples/KryptonScrollbar Examples 2022.csproj" />
  <Project Path="KryptonSeparator Examples/KryptonSeparator Examples 2022.csproj" />
  <Project Path="KryptonSplitContainer Examples/KryptonSplitContainer Examples 2022.csproj" />
  <Project Path="KryptonTableLayoutPanel Examples/KryptonTableLayoutPanel Examples 2022.csproj" />
  <Project Path="KryptonTaskDialog Examples/KryptonTaskDialog Examples 2022.csproj" />
  <Project Path="KryptonTextBox Examples/KryptonTextBox Examples 2022.csproj" />
  <Project Path="KryptonTrackBar Examples/KryptonTrackBar Examples 2022.csproj" />
  <Project Path="KryptonTreeView Examples/KryptonTreeView Examples 2022.csproj" />
  <Project Path="KryptonWebBrowser Example/KryptonWebBrowser Example 2022.csproj" />
  <Project Path="KryptonWrapLabel Examples/KryptonWrapLabel Examples 2022.csproj" />
  <Project Path="MDI Application/MDI Application 2022.csproj" />
  <Project Path="SystemThemedForms/SystemThemedForms 2022.csproj" />
  <Project Path="Test Clip Base/Test Clip Base 2022.csproj" />
  <Project Path="Test Combo Domain Numeric/Test Combo Domain Numeric 2022.csproj" />
  <Project Path="Test MessageBox Clipping/Test MessageBox Clipping 2022.csproj" />
  <Project Path="Test Text Clipping/Test Text Clipping 2022.csproj" />
  <Project Path="Three Pane Application (Basic)/Three Pane Application (Basic) 2022.csproj" />
  <Project Path="Three Pane Application (Extended)/Three Pane Application (Extended) 2022.csproj" />
</Solution>
