
Microsoft Visual Studio Solution File, Format Version 12.00
# Visual Studio Version 16
VisualStudioVersion = 16.0.29521.150
MinimumVisualStudioVersion = 10.0.40219.1
Project("{9A19103F-16F7-4668-BE54-9A1E7A4F7556}") = "Multi Control Docking 2019", "Multi Control Docking\Multi Control Docking 2019.csproj", "{14D102AA-67A2-40B6-8B88-A97D955310F2}"
EndProject
Project("{9A19103F-16F7-4668-BE54-9A1E7A4F7556}") = "Docking Persistence 2019", "Docking Persistence\Docking Persistence 2019.csproj", "{395F4ABA-4D19-453C-B183-7FB625616A56}"
EndProject
Project("{9A19103F-16F7-4668-BE54-9A1E7A4F7556}") = "Docking Flags 2019", "Docking Flags\Docking Flags 2019.csproj", "{B838F655-F800-444C-9FDE-7CF779E8F3E8}"
EndProject
Project("{9A19103F-16F7-4668-BE54-9A1E7A4F7556}") = "Docking Customized 2019", "Docking Customized\Docking Customized 2019.csproj", "{4715FA62-377A-4BF8-952B-EA9E96927E8B}"
EndProject
Project("{9A19103F-16F7-4668-BE54-9A1E7A4F7556}") = "Standard Docking 2019", "Standard Docking\Standard Docking 2019.csproj", "{A693C42B-41AF-4EA2-8BB6-9D493DBA18B7}"
EndProject
Project("{9A19103F-16F7-4668-BE54-9A1E7A4F7556}") = "Navigator + FloatingWindows 2019", "Navigator + FloatingWindows\Navigator + FloatingWindows 2019.csproj", "{78DB3787-3CE3-4633-82DA-139219B698E6}"
EndProject
Project("{9A19103F-16F7-4668-BE54-9A1E7A4F7556}") = "External Drag To Docking 2019", "External Drag To Docking\External Drag To Docking 2019.csproj", "{7BE1440A-6144-4B4C-90D7-E101E99478EE}"
EndProject
Project("{9A19103F-16F7-4668-BE54-9A1E7A4F7556}") = "Krypton.Toolkit 2019", "..\..\..\Standard-Toolkit\Source\Krypton Components\Krypton.Toolkit\Krypton.Toolkit 2019.csproj", "{93A4D06F-3728-43D5-BDF8-80E54092AE6A}"
EndProject
Project("{9A19103F-16F7-4668-BE54-9A1E7A4F7556}") = "Krypton.Docking 2019", "..\..\..\Standard-Toolkit\Source\Krypton Components\Krypton.Docking\Krypton.Docking 2019.csproj", "{22A555A6-267C-4CDA-9A1A-C73D202D7D4E}"
EndProject
Project("{9A19103F-16F7-4668-BE54-9A1E7A4F7556}") = "Krypton.Ribbon 2019", "..\..\..\Standard-Toolkit\Source\Krypton Components\Krypton.Ribbon\Krypton.Ribbon 2019.csproj", "{6FCFCF42-C136-41AD-9E1A-2D04AB095A43}"
EndProject
Project("{2150E333-8FDC-42A3-9474-1A3956D46DE8}") = "Solution Items", "Solution Items", "{1D2DC9BD-15A0-41A0-AA21-044EDE31EFF2}"
	ProjectSection(SolutionItems) = preProject
		..\.editorconfig = ..\.editorconfig
		README.md = README.md
	EndProjectSection
EndProject
Project("{9A19103F-16F7-4668-BE54-9A1E7A4F7556}") = "Krypton.Navigator 2019", "..\..\..\Standard-Toolkit\Source\Krypton Components\Krypton.Navigator\Krypton.Navigator 2019.csproj", "{ACEA756E-B3A3-4DB4-8D69-94BAA681C0F5}"
EndProject
Project("{9A19103F-16F7-4668-BE54-9A1E7A4F7556}") = "Krypton.Workspace 2019", "..\..\..\Standard-Toolkit\Source\Krypton Components\Krypton.Workspace\Krypton.Workspace 2019.csproj", "{86D517A9-4519-4334-B5D0-F06642B894AA}"
EndProject
Global
	GlobalSection(SolutionConfigurationPlatforms) = preSolution
		Debug|Any CPU = Debug|Any CPU
		Release|Any CPU = Release|Any CPU
	EndGlobalSection
	GlobalSection(ProjectConfigurationPlatforms) = postSolution
		{14D102AA-67A2-40B6-8B88-A97D955310F2}.Debug|Any CPU.ActiveCfg = Debug|Any CPU
		{14D102AA-67A2-40B6-8B88-A97D955310F2}.Debug|Any CPU.Build.0 = Debug|Any CPU
		{14D102AA-67A2-40B6-8B88-A97D955310F2}.Release|Any CPU.ActiveCfg = Release|Any CPU
		{14D102AA-67A2-40B6-8B88-A97D955310F2}.Release|Any CPU.Build.0 = Release|Any CPU
		{395F4ABA-4D19-453C-B183-7FB625616A56}.Debug|Any CPU.ActiveCfg = Debug|Any CPU
		{395F4ABA-4D19-453C-B183-7FB625616A56}.Debug|Any CPU.Build.0 = Debug|Any CPU
		{395F4ABA-4D19-453C-B183-7FB625616A56}.Release|Any CPU.ActiveCfg = Release|Any CPU
		{395F4ABA-4D19-453C-B183-7FB625616A56}.Release|Any CPU.Build.0 = Release|Any CPU
		{B838F655-F800-444C-9FDE-7CF779E8F3E8}.Debug|Any CPU.ActiveCfg = Debug|Any CPU
		{B838F655-F800-444C-9FDE-7CF779E8F3E8}.Debug|Any CPU.Build.0 = Debug|Any CPU
		{B838F655-F800-444C-9FDE-7CF779E8F3E8}.Release|Any CPU.ActiveCfg = Release|Any CPU
		{B838F655-F800-444C-9FDE-7CF779E8F3E8}.Release|Any CPU.Build.0 = Release|Any CPU
		{4715FA62-377A-4BF8-952B-EA9E96927E8B}.Debug|Any CPU.ActiveCfg = Debug|Any CPU
		{4715FA62-377A-4BF8-952B-EA9E96927E8B}.Debug|Any CPU.Build.0 = Debug|Any CPU
		{4715FA62-377A-4BF8-952B-EA9E96927E8B}.Release|Any CPU.ActiveCfg = Release|Any CPU
		{4715FA62-377A-4BF8-952B-EA9E96927E8B}.Release|Any CPU.Build.0 = Release|Any CPU
		{A693C42B-41AF-4EA2-8BB6-9D493DBA18B7}.Debug|Any CPU.ActiveCfg = Debug|Any CPU
		{A693C42B-41AF-4EA2-8BB6-9D493DBA18B7}.Debug|Any CPU.Build.0 = Debug|Any CPU
		{A693C42B-41AF-4EA2-8BB6-9D493DBA18B7}.Release|Any CPU.ActiveCfg = Release|Any CPU
		{A693C42B-41AF-4EA2-8BB6-9D493DBA18B7}.Release|Any CPU.Build.0 = Release|Any CPU
		{78DB3787-3CE3-4633-82DA-139219B698E6}.Debug|Any CPU.ActiveCfg = Debug|Any CPU
		{78DB3787-3CE3-4633-82DA-139219B698E6}.Debug|Any CPU.Build.0 = Debug|Any CPU
		{78DB3787-3CE3-4633-82DA-139219B698E6}.Release|Any CPU.ActiveCfg = Release|Any CPU
		{78DB3787-3CE3-4633-82DA-139219B698E6}.Release|Any CPU.Build.0 = Release|Any CPU
		{7BE1440A-6144-4B4C-90D7-E101E99478EE}.Debug|Any CPU.ActiveCfg = Debug|Any CPU
		{7BE1440A-6144-4B4C-90D7-E101E99478EE}.Debug|Any CPU.Build.0 = Debug|Any CPU
		{7BE1440A-6144-4B4C-90D7-E101E99478EE}.Release|Any CPU.ActiveCfg = Release|Any CPU
		{7BE1440A-6144-4B4C-90D7-E101E99478EE}.Release|Any CPU.Build.0 = Release|Any CPU
		{93A4D06F-3728-43D5-BDF8-80E54092AE6A}.Debug|Any CPU.ActiveCfg = Debug|Any CPU
		{93A4D06F-3728-43D5-BDF8-80E54092AE6A}.Debug|Any CPU.Build.0 = Debug|Any CPU
		{93A4D06F-3728-43D5-BDF8-80E54092AE6A}.Release|Any CPU.ActiveCfg = Release|Any CPU
		{93A4D06F-3728-43D5-BDF8-80E54092AE6A}.Release|Any CPU.Build.0 = Release|Any CPU
		{22A555A6-267C-4CDA-9A1A-C73D202D7D4E}.Debug|Any CPU.ActiveCfg = Debug|Any CPU
		{22A555A6-267C-4CDA-9A1A-C73D202D7D4E}.Debug|Any CPU.Build.0 = Debug|Any CPU
		{22A555A6-267C-4CDA-9A1A-C73D202D7D4E}.Release|Any CPU.ActiveCfg = Release|Any CPU
		{22A555A6-267C-4CDA-9A1A-C73D202D7D4E}.Release|Any CPU.Build.0 = Release|Any CPU
		{6FCFCF42-C136-41AD-9E1A-2D04AB095A43}.Debug|Any CPU.ActiveCfg = Debug|Any CPU
		{6FCFCF42-C136-41AD-9E1A-2D04AB095A43}.Debug|Any CPU.Build.0 = Debug|Any CPU
		{6FCFCF42-C136-41AD-9E1A-2D04AB095A43}.Release|Any CPU.ActiveCfg = Release|Any CPU
		{6FCFCF42-C136-41AD-9E1A-2D04AB095A43}.Release|Any CPU.Build.0 = Release|Any CPU
		{ACEA756E-B3A3-4DB4-8D69-94BAA681C0F5}.Debug|Any CPU.ActiveCfg = Debug|Any CPU
		{ACEA756E-B3A3-4DB4-8D69-94BAA681C0F5}.Debug|Any CPU.Build.0 = Debug|Any CPU
		{ACEA756E-B3A3-4DB4-8D69-94BAA681C0F5}.Release|Any CPU.ActiveCfg = Release|Any CPU
		{ACEA756E-B3A3-4DB4-8D69-94BAA681C0F5}.Release|Any CPU.Build.0 = Release|Any CPU
		{86D517A9-4519-4334-B5D0-F06642B894AA}.Debug|Any CPU.ActiveCfg = Debug|Any CPU
		{86D517A9-4519-4334-B5D0-F06642B894AA}.Debug|Any CPU.Build.0 = Debug|Any CPU
		{86D517A9-4519-4334-B5D0-F06642B894AA}.Release|Any CPU.ActiveCfg = Release|Any CPU
		{86D517A9-4519-4334-B5D0-F06642B894AA}.Release|Any CPU.Build.0 = Release|Any CPU
	EndGlobalSection
	GlobalSection(SolutionProperties) = preSolution
		HideSolutionNode = FALSE
	EndGlobalSection
	GlobalSection(ExtensibilityGlobals) = postSolution
		SolutionGuid = {676C8E6D-2EA1-4941-BC3E-3742A40FBF74}
	EndGlobalSection
EndGlobal
