
Microsoft Visual Studio Solution File, Format Version 12.00
# Visual Studio Version 16
VisualStudioVersion = 16.0.29521.150
MinimumVisualStudioVersion = 10.0.40219.1
Project("{9A19103F-16F7-4668-BE54-9A1E7A4F7556}") = "Palette Designer 2019", "Palette Designer 2019.csproj", "{A9435693-714C-47AB-BF4F-115AF7D568CC}"
EndProject
Project("{9A19103F-16F7-4668-BE54-9A1E7A4F7556}") = "ComponentFactory.Krypton.Toolkit 2019", "..\Krypton Components\ComponentFactory.Krypton.Toolkit\ComponentFactory.Krypton.Toolkit 2019.csproj", "{44DC3E11-8F0A-48DA-9AE5-0B4199EB6973}"
EndProject
Project("{9A19103F-16F7-4668-BE54-9A1E7A4F7556}") = "ComponentFactory.Krypton.Ribbon 2019", "..\Krypton Components\ComponentFactory.Krypton.Ribbon\ComponentFactory.Krypton.Ribbon 2019.csproj", "{0441172A-7045-4393-8C92-9F17CAE05C11}"
EndProject
Project("{9A19103F-16F7-4668-BE54-9A1E7A4F7556}") = "ComponentFactory.Krypton.Navigator 2019", "..\Krypton Components\ComponentFactory.Krypton.Navigator\ComponentFactory.Krypton.Navigator 2019.csproj", "{F9354508-0954-4C2B-8D49-BFCFE14F31A9}"
EndProject
Global
	GlobalSection(SolutionConfigurationPlatforms) = preSolution
		Debug|Any CPU = Debug|Any CPU
		Release|Any CPU = Release|Any CPU
	EndGlobalSection
	GlobalSection(ProjectConfigurationPlatforms) = postSolution
		{A9435693-714C-47AB-BF4F-115AF7D568CC}.Debug|Any CPU.ActiveCfg = Debug|Any CPU
		{A9435693-714C-47AB-BF4F-115AF7D568CC}.Debug|Any CPU.Build.0 = Debug|Any CPU
		{A9435693-714C-47AB-BF4F-115AF7D568CC}.Release|Any CPU.ActiveCfg = Release|Any CPU
		{A9435693-714C-47AB-BF4F-115AF7D568CC}.Release|Any CPU.Build.0 = Release|Any CPU
		{44DC3E11-8F0A-48DA-9AE5-0B4199EB6973}.Debug|Any CPU.ActiveCfg = Debug|Any CPU
		{44DC3E11-8F0A-48DA-9AE5-0B4199EB6973}.Debug|Any CPU.Build.0 = Debug|Any CPU
		{44DC3E11-8F0A-48DA-9AE5-0B4199EB6973}.Release|Any CPU.ActiveCfg = Release|Any CPU
		{44DC3E11-8F0A-48DA-9AE5-0B4199EB6973}.Release|Any CPU.Build.0 = Release|Any CPU
		{0441172A-7045-4393-8C92-9F17CAE05C11}.Debug|Any CPU.ActiveCfg = Debug|Any CPU
		{0441172A-7045-4393-8C92-9F17CAE05C11}.Debug|Any CPU.Build.0 = Debug|Any CPU
		{0441172A-7045-4393-8C92-9F17CAE05C11}.Release|Any CPU.ActiveCfg = Release|Any CPU
		{0441172A-7045-4393-8C92-9F17CAE05C11}.Release|Any CPU.Build.0 = Release|Any CPU
		{F9354508-0954-4C2B-8D49-BFCFE14F31A9}.Debug|Any CPU.ActiveCfg = Debug|Any CPU
		{F9354508-0954-4C2B-8D49-BFCFE14F31A9}.Debug|Any CPU.Build.0 = Debug|Any CPU
		{F9354508-0954-4C2B-8D49-BFCFE14F31A9}.Release|Any CPU.ActiveCfg = Release|Any CPU
		{F9354508-0954-4C2B-8D49-BFCFE14F31A9}.Release|Any CPU.Build.0 = Release|Any CPU
	EndGlobalSection
	GlobalSection(SolutionProperties) = preSolution
		HideSolutionNode = FALSE
	EndGlobalSection
	GlobalSection(ExtensibilityGlobals) = postSolution
		SolutionGuid = {5355B5EE-25F1-495C-8FA8-42C27CF222C0}
	EndGlobalSection
EndGlobal
