
Microsoft Visual Studio Solution File, Format Version 12.00
# Visual Studio Version 16
VisualStudioVersion = 16.0.29521.150
MinimumVisualStudioVersion = 10.0.40219.1
Project("{9A19103F-16F7-4668-BE54-9A1E7A4F7556}") = "Krypton Explorer 2019", "Krypton Explorer 2019.csproj", "{04CD6851-B923-4AB3-91E7-A1D8477AFE0E}"
EndProject
Project("{9A19103F-16F7-4668-BE54-9A1E7A4F7556}") = "ComponentFactory.Krypton.Toolkit 2019", "..\Krypton Components\ComponentFactory.Krypton.Toolkit\ComponentFactory.Krypton.Toolkit 2019.csproj", "{56282A05-E36F-4037-8E00-60E48B4B274F}"
EndProject
Project("{9A19103F-16F7-4668-BE54-9A1E7A4F7556}") = "ComponentFactory.Krypton.Navigator 2019", "..\Krypton Components\ComponentFactory.Krypton.Navigator\ComponentFactory.Krypton.Navigator 2019.csproj", "{A67B5545-B6D7-4DE3-BF40-4B939504BB72}"
EndProject
Global
	GlobalSection(SolutionConfigurationPlatforms) = preSolution
		Debug|Any CPU = Debug|Any CPU
		Release|Any CPU = Release|Any CPU
		ReleaseCS|Any CPU = ReleaseCS|Any CPU
	EndGlobalSection
	GlobalSection(ProjectConfigurationPlatforms) = postSolution
		{04CD6851-B923-4AB3-91E7-A1D8477AFE0E}.Debug|Any CPU.ActiveCfg = Debug|Any CPU
		{04CD6851-B923-4AB3-91E7-A1D8477AFE0E}.Debug|Any CPU.Build.0 = Debug|Any CPU
		{04CD6851-B923-4AB3-91E7-A1D8477AFE0E}.Release|Any CPU.ActiveCfg = Release|Any CPU
		{04CD6851-B923-4AB3-91E7-A1D8477AFE0E}.Release|Any CPU.Build.0 = Release|Any CPU
		{04CD6851-B923-4AB3-91E7-A1D8477AFE0E}.ReleaseCS|Any CPU.ActiveCfg = Release|Any CPU
		{04CD6851-B923-4AB3-91E7-A1D8477AFE0E}.ReleaseCS|Any CPU.Build.0 = Release|Any CPU
		{56282A05-E36F-4037-8E00-60E48B4B274F}.Debug|Any CPU.ActiveCfg = Debug|Any CPU
		{56282A05-E36F-4037-8E00-60E48B4B274F}.Debug|Any CPU.Build.0 = Debug|Any CPU
		{56282A05-E36F-4037-8E00-60E48B4B274F}.Release|Any CPU.ActiveCfg = Release|Any CPU
		{56282A05-E36F-4037-8E00-60E48B4B274F}.Release|Any CPU.Build.0 = Release|Any CPU
		{56282A05-E36F-4037-8E00-60E48B4B274F}.ReleaseCS|Any CPU.ActiveCfg = Release|Any CPU
		{56282A05-E36F-4037-8E00-60E48B4B274F}.ReleaseCS|Any CPU.Build.0 = Release|Any CPU
		{A67B5545-B6D7-4DE3-BF40-4B939504BB72}.Debug|Any CPU.ActiveCfg = Debug|Any CPU
		{A67B5545-B6D7-4DE3-BF40-4B939504BB72}.Debug|Any CPU.Build.0 = Debug|Any CPU
		{A67B5545-B6D7-4DE3-BF40-4B939504BB72}.Release|Any CPU.ActiveCfg = Release|Any CPU
		{A67B5545-B6D7-4DE3-BF40-4B939504BB72}.Release|Any CPU.Build.0 = Release|Any CPU
		{A67B5545-B6D7-4DE3-BF40-4B939504BB72}.ReleaseCS|Any CPU.ActiveCfg = Release|Any CPU
		{A67B5545-B6D7-4DE3-BF40-4B939504BB72}.ReleaseCS|Any CPU.Build.0 = Release|Any CPU
	EndGlobalSection
	GlobalSection(SolutionProperties) = preSolution
		HideSolutionNode = FALSE
	EndGlobalSection
	GlobalSection(ExtensibilityGlobals) = postSolution
		SolutionGuid = {E1BFF9A3-8AEF-4DFC-AB1F-B8E2075A643D}
	EndGlobalSection
EndGlobal
