<Solution>
  <Folder Name="/Solution Items/">
    <File Path="../.editorconfig" />
    <File Path="README.md" />
  </Folder>
  <Project Path="../../../Standard-Toolkit/Source/Krypton Components/Krypton.Workspace/Krypton.Workspace 2022.csproj" />
  <Project Path="Application Menu/Application Menu 2022.csproj" />
  <Project Path="Auto Shrinking Groups/Auto Shrinking Groups 2022.csproj" />
  <Project Path="Contextual Tabs/Contextual Tabs 2022.csproj" />
  <Project Path="KeyTips + Keyboard Access/KeyTips + Keyboard Access 2022.csproj" />
  <Project Path="KryptonGallery Examples/KryptonGallery Examples 2022.csproj" />
  <Project Path="MDI Ribbon/MDI Ribbon 2022.csproj" />
  <Project Path="Outlook Mail Clone/Outlook Mail Clone 2022.csproj" />
  <Project Path="Quick Access Toolbar/Quick Access Toolbar 2022.csproj" />
  <Project Path="Ribbon + Navigator + Workspace/Ribbon + Navigator + Workspace 2022.csproj" />
  <Project Path="Ribbon Controls/Ribbon Controls 2022.csproj" />
  <Project Path="Ribbon Gallery/Ribbon Gallery 2022.csproj" />
  <Project Path="Ribbon ToolTips/Ribbon ToolTips 2022.csproj" />
</Solution>
